
Microsoft Visual Studio Solution File, Format Version 12.00
# Visual Studio 14
VisualStudioVersion = 14.0.25420.1
MinimumVisualStudioVersion = 10.0.40219.1
Project("{FAE04EC0-301F-11D3-BF4B-00C04F79EFBC}") = "Test", "Test\Test.csproj", "{09847ED8-053F-4B99-8A80-4EF03130BC7A}"
EndProject
Project("{FAE04EC0-301F-11D3-BF4B-00C04F79EFBC}") = "PdfMaker", "PdfMaker\PdfMaker.csproj", "{33A8F4B5-0E8D-418A-966A-748F5ACAC576}"
EndProject
Global
	GlobalSection(SolutionConfigurationPlatforms) = preSolution
		Debug|Any CPU = Debug|Any CPU
		Release|Any CPU = Release|Any CPU
	EndGlobalSection
	GlobalSection(ProjectConfigurationPlatforms) = postSolution
		{09847ED8-053F-4B99-8A80-4EF03130BC7A}.Debug|Any CPU.ActiveCfg = Debug|Any CPU
		{09847ED8-053F-4B99-8A80-4EF03130BC7A}.Debug|Any CPU.Build.0 = Debug|Any CPU
		{09847ED8-053F-4B99-8A80-4EF03130BC7A}.Release|Any CPU.ActiveCfg = Release|Any CPU
		{09847ED8-053F-4B99-8A80-4EF03130BC7A}.Release|Any CPU.Build.0 = Release|Any CPU
		{33A8F4B5-0E8D-418A-966A-748F5ACAC576}.Debug|Any CPU.ActiveCfg = Debug|Any CPU
		{33A8F4B5-0E8D-418A-966A-748F5ACAC576}.Debug|Any CPU.Build.0 = Debug|Any CPU
		{33A8F4B5-0E8D-418A-966A-748F5ACAC576}.Release|Any CPU.ActiveCfg = Release|Any CPU
		{33A8F4B5-0E8D-418A-966A-748F5ACAC576}.Release|Any CPU.Build.0 = Release|Any CPU
	EndGlobalSection
	GlobalSection(SolutionProperties) = preSolution
		HideSolutionNode = FALSE
	EndGlobalSection
EndGlobal
